// !$*UTF8*$!
{
	archiveVersion = 1;
	classes = {
	};
	objectVersion = 56;
	objects = {

/* Begin PBXBuildFile section */
		7CB288B22C278DEB003E0BAD /* AppDelegate.swift in Sources */ = {isa = PBXBuildFile; fileRef = 7CB288B12C278DEB003E0BAD /* AppDelegate.swift */; };
		7CB288B42C278DEB003E0BAD /* SceneDelegate.swift in Sources */ = {isa = PBXBuildFile; fileRef = 7CB288B32C278DEB003E0BAD /* SceneDelegate.swift */; };
		7CB288B62C278DEB003E0BAD /* ViewController.swift in Sources */ = {isa = PBXBuildFile; fileRef = 7CB288B52C278DEB003E0BAD /* ViewController.swift */; };
		7CB288B92C278DEB003E0BAD /* Base in Resources */ = {isa = PBXBuildFile; fileRef = 7CB288B82C278DEB003E0BAD /* Base */; };
		7CB288BB2C278DEB003E0BAD /* Assets.xcassets in Resources */ = {isa = PBXBuildFile; fileRef = 7CB288BA2C278DEB003E0BAD /* Assets.xcassets */; };
		7CB288BE2C278DEB003E0BAD /* Base in Resources */ = {isa = PBXBuildFile; fileRef = 7CB288BD2C278DEB003E0BAD /* Base */; };
		7CB288C92C278DEC003E0BAD /* CurrencyConverterTests.swift in Sources */ = {isa = PBXBuildFile; fileRef = 7CB288C82C278DEC003E0BAD /* CurrencyConverterTests.swift */; };
		7CB288D32C278DEC003E0BAD /* CurrencyConverterUITests.swift in Sources */ = {isa = PBXBuildFile; fileRef = 7CB288D22C278DEC003E0BAD /* CurrencyConverterUITests.swift */; };
		7CB288D52C278DEC003E0BAD /* CurrencyConverterUITestsLaunchTests.swift in Sources */ = {isa = PBXBuildFile; fileRef = 7CB288D42C278DEC003E0BAD /* CurrencyConverterUITestsLaunchTests.swift */; };
		7CB288E22C278FB9003E0BAD /* CurrencyConverter.swift in Sources */ = {isa = PBXBuildFile; fileRef = 7CB288E12C278FB9003E0BAD /* CurrencyConverter.swift */; };
		7CB288E42C278FE5003E0BAD /* MainViewController.swift in Sources */ = {isa = PBXBuildFile; fileRef = 7CB288E32C278FE5003E0BAD /* MainViewController.swift */; };
		7CB288E62C279001003E0BAD /* ResultViewController.swift in Sources */ = {isa = PBXBuildFile; fileRef = 7CB288E52C279001003E0BAD /* ResultViewController.swift */; };
/* End PBXBuildFile section */

/* Begin PBXContainerItemProxy section */
		7CB288C52C278DEC003E0BAD /* PBXContainerItemProxy */ = {
			isa = PBXContainerItemProxy;
			containerPortal = 7CB288A62C278DEB003E0BAD /* Project object */;
			proxyType = 1;
			remoteGlobalIDString = 7CB288AD2C278DEB003E0BAD;
			remoteInfo = CurrencyConverter;
		};
		7CB288CF2C278DEC003E0BAD /* PBXContainerItemProxy */ = {
			isa = PBXContainerItemProxy;
			containerPortal = 7CB288A62C278DEB003E0BAD /* Project object */;
			proxyType = 1;
			remoteGlobalIDString = 7CB288AD2C278DEB003E0BAD;
			remoteInfo = CurrencyConverter;
		};
/* End PBXContainerItemProxy section */

/* Begin PBXFileReference section */
		7CB288AE2C278DEB003E0BAD /* CurrencyConverter.app */ = {isa = PBXFileReference; explicitFileType = wrapper.application; includeInIndex = 0; path = CurrencyConverter.app; sourceTree = BUILT_PRODUCTS_DIR; };
		7CB288B12C278DEB003E0BAD /* AppDelegate.swift */ = {isa = PBXFileReference; lastKnownFileType = sourcecode.swift; path = AppDelegate.swift; sourceTree = "<group>"; };
		7CB288B32C278DEB003E0BAD /* SceneDelegate.swift */ = {isa = PBXFileReference; lastKnownFileType = sourcecode.swift; path = SceneDelegate.swift; sourceTree = "<group>"; };
		7CB288B52C278DEB003E0BAD /* ViewController.swift */ = {isa = PBXFileReference; lastKnownFileType = sourcecode.swift; path = ViewController.swift; sourceTree = "<group>"; };
		7CB288B82C278DEB003E0BAD /* Base */ = {isa = PBXFileReference; lastKnownFileType = file.storyboard; name = Base; path = Base.lproj/Main.storyboard; sourceTree = "<group>"; };
		7CB288BA2C278DEB003E0BAD /* Assets.xcassets */ = {isa = PBXFileReference; lastKnownFileType = folder.assetcatalog; path = Assets.xcassets; sourceTree = "<group>"; };
		7CB288BD2C278DEB003E0BAD /* Base */ = {isa = PBXFileReference; lastKnownFileType = file.storyboard; name = Base; path = Base.lproj/LaunchScreen.storyboard; sourceTree = "<group>"; };
		7CB288BF2C278DEB003E0BAD /* Info.plist */ = {isa = PBXFileReference; lastKnownFileType = text.plist.xml; path = Info.plist; sourceTree = "<group>"; };
		7CB288C42C278DEC003E0BAD /* CurrencyConverterTests.xctest */ = {isa = PBXFileReference; explicitFileType = wrapper.cfbundle; includeInIndex = 0; path = CurrencyConverterTests.xctest; sourceTree = BUILT_PRODUCTS_DIR; };
		7CB288C82C278DEC003E0BAD /* CurrencyConverterTests.swift */ = {isa = PBXFileReference; lastKnownFileType = sourcecode.swift; path = CurrencyConverterTests.swift; sourceTree = "<group>"; };
		7CB288CE2C278DEC003E0BAD /* CurrencyConverterUITests.xctest */ = {isa = PBXFileReference; explicitFileType = wrapper.cfbundle; includeInIndex = 0; path = CurrencyConverterUITests.xctest; sourceTree = BUILT_PRODUCTS_DIR; };
		7CB288D22C278DEC003E0BAD /* CurrencyConverterUITests.swift */ = {isa = PBXFileReference; lastKnownFileType = sourcecode.swift; path = CurrencyConverterUITests.swift; sourceTree = "<group>"; };
		7CB288D42C278DEC003E0BAD /* CurrencyConverterUITestsLaunchTests.swift */ = {isa = PBXFileReference; lastKnownFileType = sourcecode.swift; path = CurrencyConverterUITestsLaunchTests.swift; sourceTree = "<group>"; };
		7CB288E12C278FB9003E0BAD /* CurrencyConverter.swift */ = {isa = PBXFileReference; lastKnownFileType = sourcecode.swift; path = CurrencyConverter.swift; sourceTree = "<group>"; };
		7CB288E32C278FE5003E0BAD /* MainViewController.swift */ = {isa = PBXFileReference; lastKnownFileType = sourcecode.swift; path = MainViewController.swift; sourceTree = "<group>"; };
		7CB288E52C279001003E0BAD /* ResultViewController.swift */ = {isa = PBXFileReference; lastKnownFileType = sourcecode.swift; path = ResultViewController.swift; sourceTree = "<group>"; };
/* End PBXFileReference section */

/* Begin PBXFrameworksBuildPhase section */
		7CB288AB2C278DEB003E0BAD /* Frameworks */ = {
			isa = PBXFrameworksBuildPhase;
			buildActionMask = 2147483647;
			files = (
			);
			runOnlyForDeploymentPostprocessing = 0;
		};
		7CB288C12C278DEC003E0BAD /* Frameworks */ = {
			isa = PBXFrameworksBuildPhase;
			buildActionMask = 2147483647;
			files = (
			);
			runOnlyForDeploymentPostprocessing = 0;
		};
		7CB288CB2C278DEC003E0BAD /* Frameworks */ = {
			isa = PBXFrameworksBuildPhase;
			buildActionMask = 2147483647;
			files = (
			);
			runOnlyForDeploymentPostprocessing = 0;
		};
/* End PBXFrameworksBuildPhase section */

/* Begin PBXGroup section */
		7CB288A52C278DEB003E0BAD = {
			isa = PBXGroup;
			children = (
				7CB288B02C278DEB003E0BAD /* CurrencyConverter */,
				7CB288C72C278DEC003E0BAD /* CurrencyConverterTests */,
				7CB288D12C278DEC003E0BAD /* CurrencyConverterUITests */,
				7CB288AF2C278DEB003E0BAD /* Products */,
			);
			sourceTree = "<group>";
		};
		7CB288AF2C278DEB003E0BAD /* Products */ = {
			isa = PBXGroup;
			children = (
				7CB288AE2C278DEB003E0BAD /* CurrencyConverter.app */,
				7CB288C42C278DEC003E0BAD /* CurrencyConverterTests.xctest */,
				7CB288CE2C278DEC003E0BAD /* CurrencyConverterUITests.xctest */,
			);
			name = Products;
			sourceTree = "<group>";
		};
		7CB288B02C278DEB003E0BAD /* CurrencyConverter */ = {
			isa = PBXGroup;
			children = (
				7CB288B12C278DEB003E0BAD /* AppDelegate.swift */,
				7CB288B32C278DEB003E0BAD /* SceneDelegate.swift */,
				7CB288B52C278DEB003E0BAD /* ViewController.swift */,
				7CB288B72C278DEB003E0BAD /* Main.storyboard */,
				7CB288E12C278FB9003E0BAD /* CurrencyConverter.swift */,
				7CB288E32C278FE5003E0BAD /* MainViewController.swift */,
				7CB288E52C279001003E0BAD /* ResultViewController.swift */,
				7CB288BA2C278DEB003E0BAD /* Assets.xcassets */,
				7CB288BC2C278DEB003E0BAD /* LaunchScreen.storyboard */,
				7CB288BF2C278DEB003E0BAD /* Info.plist */,
			);
			path = CurrencyConverter;
			sourceTree = "<group>";
		};
		7CB288C72C278DEC003E0BAD /* CurrencyConverterTests */ = {
			isa = PBXGroup;
			children = (
				7CB288C82C278DEC003E0BAD /* CurrencyConverterTests.swift */,
			);
			path = CurrencyConverterTests;
			sourceTree = "<group>";
		};
		7CB288D12C278DEC003E0BAD /* CurrencyConverterUITests */ = {
			isa = PBXGroup;
			children = (
				7CB288D22C278DEC003E0BAD /* CurrencyConverterUITests.swift */,
				7CB288D42C278DEC003E0BAD /* CurrencyConverterUITestsLaunchTests.swift */,
			);
			path = CurrencyConverterUITests;
			sourceTree = "<group>";
		};
/* End PBXGroup section */

/* Begin PBXNativeTarget section */
		7CB288AD2C278DEB003E0BAD /* CurrencyConverter */ = {
			isa = PBXNativeTarget;
			buildConfigurationList = 7CB288D82C278DEC003E0BAD /* Build configuration list for PBXNativeTarget "CurrencyConverter" */;
			buildPhases = (
				7CB288AA2C278DEB003E0BAD /* Sources */,
				7CB288AB2C278DEB003E0BAD /* Frameworks */,
				7CB288AC2C278DEB003E0BAD /* Resources */,
			);
			buildRules = (
			);
			dependencies = (
			);
			name = CurrencyConverter;
			productName = CurrencyConverter;
			productReference = 7CB288AE2C278DEB003E0BAD /* CurrencyConverter.app */;
			productType = "com.apple.product-type.application";
		};
		7CB288C32C278DEC003E0BAD /* CurrencyConverterTests */ = {
			isa = PBXNativeTarget;
			buildConfigurationList = 7CB288DB2C278DEC003E0BAD /* Build configuration list for PBXNativeTarget "CurrencyConverterTests" */;
			buildPhases = (
				7CB288C02C278DEC003E0BAD /* Sources */,
				7CB288C12C278DEC003E0BAD /* Frameworks */,
				7CB288C22C278DEC003E0BAD /* Resources */,
			);
			buildRules = (
			);
			dependencies = (
				7CB288C62C278DEC003E0BAD /* PBXTargetDependency */,
			);
			name = CurrencyConverterTests;
			productName = CurrencyConverterTests;
			productReference = 7CB288C42C278DEC003E0BAD /* CurrencyConverterTests.xctest */;
			productType = "com.apple.product-type.bundle.unit-test";
		};
		7CB288CD2C278DEC003E0BAD /* CurrencyConverterUITests */ = {
			isa = PBXNativeTarget;
			buildConfigurationList = 7CB288DE2C278DEC003E0BAD /* Build configuration list for PBXNativeTarget "CurrencyConverterUITests" */;
			buildPhases = (
				7CB288CA2C278DEC003E0BAD /* Sources */,
				7CB288CB2C278DEC003E0BAD /* Frameworks */,
				7CB288CC2C278DEC003E0BAD /* Resources */,
			);
			buildRules = (
			);
			dependencies = (
				7CB288D02C278DEC003E0BAD /* PBXTargetDependency */,
			);
			name = CurrencyConverterUITests;
			productName = CurrencyConverterUITests;
			productReference = 7CB288CE2C278DEC003E0BAD /* CurrencyConverterUITests.xctest */;
			productType = "com.apple.product-type.bundle.ui-testing";
		};
/* End PBXNativeTarget section */

/* Begin PBXProject section */
		7CB288A62C278DEB003E0BAD /* Project object */ = {
			isa = PBXProject;
			attributes = {
				BuildIndependentTargetsInParallel = 1;
				LastSwiftUpdateCheck = 1540;
				LastUpgradeCheck = 1540;
				TargetAttributes = {
					7CB288AD2C278DEB003E0BAD = {
						CreatedOnToolsVersion = 15.4;
					};
					7CB288C32C278DEC003E0BAD = {
						CreatedOnToolsVersion = 15.4;
						TestTargetID = 7CB288AD2C278DEB003E0BAD;
					};
					7CB288CD2C278DEC003E0BAD = {
						CreatedOnToolsVersion = 15.4;
						TestTargetID = 7CB288AD2C278DEB003E0BAD;
					};
				};
			};
			buildConfigurationList = 7CB288A92C278DEB003E0BAD /* Build configuration list for PBXProject "CurrencyConverter" */;
			compatibilityVersion = "Xcode 14.0";
			developmentRegion = en;
			hasScannedForEncodings = 0;
			knownRegions = (
				en,
				Base,
			);
			mainGroup = 7CB288A52C278DEB003E0BAD;
			productRefGroup = 7CB288AF2C278DEB003E0BAD /* Products */;
			projectDirPath = "";
			projectRoot = "";
			targets = (
				7CB288AD2C278DEB003E0BAD /* CurrencyConverter */,
				7CB288C32C278DEC003E0BAD /* CurrencyConverterTests */,
				7CB288CD2C278DEC003E0BAD /* CurrencyConverterUITests */,
			);
		};
/* End PBXProject section */

/* Begin PBXResourcesBuildPhase section */
		7CB288AC2C278DEB003E0BAD /* Resources */ = {
			isa = PBXResourcesBuildPhase;
			buildActionMask = 2147483647;
			files = (
				7CB288BB2C278DEB003E0BAD /* Assets.xcassets in Resources */,
				7CB288BE2C278DEB003E0BAD /* Base in Resources */,
				7CB288B92C278DEB003E0BAD /* Base in Resources */,
			);
			runOnlyForDeploymentPostprocessing = 0;
		};
		7CB288C22C278DEC003E0BAD /* Resources */ = {
			isa = PBXResourcesBuildPhase;
			buildActionMask = 2147483647;
			files = (
			);
			runOnlyForDeploymentPostprocessing = 0;
		};
		7CB288CC2C278DEC003E0BAD /* Resources */ = {
			isa = PBXResourcesBuildPhase;
			buildActionMask = 2147483647;
			files = (
			);
			runOnlyForDeploymentPostprocessing = 0;
		};
/* End PBXResourcesBuildPhase section */

/* Begin PBXSourcesBuildPhase section */
		7CB288AA2C278DEB003E0BAD /* Sources */ = {
			isa = PBXSourcesBuildPhase;
			buildActionMask = 2147483647;
			files = (
				7CB288B62C278DEB003E0BAD /* ViewController.swift in Sources */,
				7CB288E22C278FB9003E0BAD /* CurrencyConverter.swift in Sources */,
				7CB288B22C278DEB003E0BAD /* AppDelegate.swift in Sources */,
				7CB288B42C278DEB003E0BAD /* SceneDelegate.swift in Sources */,
				7CB288E42C278FE5003E0BAD /* MainViewController.swift in Sources */,
				7CB288E62C279001003E0BAD /* ResultViewController.swift in Sources */,
			);
			runOnlyForDeploymentPostprocessing = 0;
		};
		7CB288C02C278DEC003E0BAD /* Sources */ = {
			isa = PBXSourcesBuildPhase;
			buildActionMask = 2147483647;
			files = (
				7CB288C92C278DEC003E0BAD /* CurrencyConverterTests.swift in Sources */,
			);
			runOnlyForDeploymentPostprocessing = 0;
		};
		7CB288CA2C278DEC003E0BAD /* Sources */ = {
			isa = PBXSourcesBuildPhase;
			buildActionMask = 2147483647;
			files = (
				7CB288D52C278DEC003E0BAD /* CurrencyConverterUITestsLaunchTests.swift in Sources */,
				7CB288D32C278DEC003E0BAD /* CurrencyConverterUITests.swift in Sources */,
			);
			runOnlyForDeploymentPostprocessing = 0;
		};
/* End PBXSourcesBuildPhase section */

/* Begin PBXTargetDependency section */
		7CB288C62C278DEC003E0BAD /* PBXTargetDependency */ = {
			isa = PBXTargetDependency;
			target = 7CB288AD2C278DEB003E0BAD /* CurrencyConverter */;
			targetProxy = 7CB288C52C278DEC003E0BAD /* PBXContainerItemProxy */;
		};
		7CB288D02C278DEC003E0BAD /* PBXTargetDependency */ = {
			isa = PBXTargetDependency;
			target = 7CB288AD2C278DEB003E0BAD /* CurrencyConverter */;
			targetProxy = 7CB288CF2C278DEC003E0BAD /* PBXContainerItemProxy */;
		};
/* End PBXTargetDependency section */

/* Begin PBXVariantGroup section */
		7CB288B72C278DEB003E0BAD /* Main.storyboard */ = {
			isa = PBXVariantGroup;
			children = (
				7CB288B82C278DEB003E0BAD /* Base */,
			);
			name = Main.storyboard;
			sourceTree = "<group>";
		};
		7CB288BC2C278DEB003E0BAD /* LaunchScreen.storyboard */ = {
			isa = PBXVariantGroup;
			children = (
				7CB288BD2C278DEB003E0BAD /* Base */,
			);
			name = LaunchScreen.storyboard;
			sourceTree = "<group>";
		};
/* End PBXVariantGroup section */

/* Begin XCBuildConfiguration section */
		7CB288D62C278DEC003E0BAD /* Debug */ = {
			isa = XCBuildConfiguration;
			buildSettings = {
				ALWAYS_SEARCH_USER_PATHS = NO;
				ASSETCATALOG_COMPILER_GENERATE_SWIFT_ASSET_SYMBOL_EXTENSIONS = YES;
				CLANG_ANALYZER_NONNULL = YES;
				CLANG_ANALYZER_NUMBER_OBJECT_CONVERSION = YES_AGGRESSIVE;
				CLANG_CXX_LANGUAGE_STANDARD = "gnu++20";
				CLANG_ENABLE_MODULES = YES;
				CLANG_ENABLE_OBJC_ARC = YES;
				CLANG_ENABLE_OBJC_WEAK = YES;
				CLANG_WARN_BLOCK_CAPTURE_AUTORELEASING = YES;
				CLANG_WARN_BOOL_CONVERSION = YES;
				CLANG_WARN_COMMA = YES;
				CLANG_WARN_CONSTANT_CONVERSION = YES;
				CLANG_WARN_DEPRECATED_OBJC_IMPLEMENTATIONS = YES;
				CLANG_WARN_DIRECT_OBJC_ISA_USAGE = YES_ERROR;
				CLANG_WARN_DOCUMENTATION_COMMENTS = YES;
				CLANG_WARN_EMPTY_BODY = YES;
				CLANG_WARN_ENUM_CONVERSION = YES;
				CLANG_WARN_INFINITE_RECURSION = YES;
				CLANG_WARN_INT_CONVERSION = YES;
				CLANG_WARN_NON_LITERAL_NULL_CONVERSION = YES;
				CLANG_WARN_OBJC_IMPLICIT_RETAIN_SELF = YES;
				CLANG_WARN_OBJC_LITERAL_CONVERSION = YES;
				CLANG_WARN_OBJC_ROOT_CLASS = YES_ERROR;
				CLANG_WARN_QUOTED_INCLUDE_IN_FRAMEWORK_HEADER = YES;
				CLANG_WARN_RANGE_LOOP_ANALYSIS = YES;
				CLANG_WARN_STRICT_PROTOTYPES = YES;
				CLANG_WARN_SUSPICIOUS_MOVE = YES;
				CLANG_WARN_UNGUARDED_AVAILABILITY = YES_AGGRESSIVE;
				CLANG_WARN_UNREACHABLE_CODE = YES;
				CLANG_WARN__DUPLICATE_METHOD_MATCH = YES;
				COPY_PHASE_STRIP = NO;
				DEBUG_INFORMATION_FORMAT = dwarf;
				ENABLE_STRICT_OBJC_MSGSEND = YES;
				ENABLE_TESTABILITY = YES;
				ENABLE_USER_SCRIPT_SANDBOXING = YES;
				GCC_C_LANGUAGE_STANDARD = gnu17;
				GCC_DYNAMIC_NO_PIC = NO;
				GCC_NO_COMMON_BLOCKS = YES;
				GCC_OPTIMIZATION_LEVEL = 0;
				GCC_PREPROCESSOR_DEFINITIONS = (
					"DEBUG=1",
					"$(inherited)",
				);
				GCC_WARN_64_TO_32_BIT_CONVERSION = YES;
				GCC_WARN_ABOUT_RETURN_TYPE = YES_ERROR;
				GCC_WARN_UNDECLARED_SELECTOR = YES;
				GCC_WARN_UNINITIALIZED_AUTOS = YES_AGGRESSIVE;
				GCC_WARN_UNUSED_FUNCTION = YES;
				GCC_WARN_UNUSED_VARIABLE = YES;
				IPHONEOS_DEPLOYMENT_TARGET = 17.5;
				LOCALIZATION_PREFERS_STRING_CATALOGS = YES;
				MTL_ENABLE_DEBUG_INFO = INCLUDE_SOURCE;
				MTL_FAST_MATH = YES;
				ONLY_ACTIVE_ARCH = YES;
				SDKROOT = iphoneos;
				SWIFT_ACTIVE_COMPILATION_CONDITIONS = "DEBUG $(inherited)";
				SWIFT_OPTIMIZATION_LEVEL = "-Onone";
			};
			name = Debug;
		};
		7CB288D72C278DEC003E0BAD /* Release */ = {
			isa = XCBuildConfiguration;
			buildSettings = {
				ALWAYS_SEARCH_USER_PATHS = NO;
				ASSETCATALOG_COMPILER_GENERATE_SWIFT_ASSET_SYMBOL_EXTENSIONS = YES;
				CLANG_ANALYZER_NONNULL = YES;
				CLANG_ANALYZER_NUMBER_OBJECT_CONVERSION = YES_AGGRESSIVE;
				CLANG_CXX_LANGUAGE_STANDARD = "gnu++20";
				CLANG_ENABLE_MODULES = YES;
				CLANG_ENABLE_OBJC_ARC = YES;
				CLANG_ENABLE_OBJC_WEAK = YES;
				CLANG_WARN_BLOCK_CAPTURE_AUTORELEASING = YES;
				CLANG_WARN_BOOL_CONVERSION = YES;
				CLANG_WARN_COMMA = YES;
				CLANG_WARN_CONSTANT_CONVERSION = YES;
				CLANG_WARN_DEPRECATED_OBJC_IMPLEMENTATIONS = YES;
				CLANG_WARN_DIRECT_OBJC_ISA_USAGE = YES_ERROR;
				CLANG_WARN_DOCUMENTATION_COMMENTS = YES;
				CLANG_WARN_EMPTY_BODY = YES;
				CLANG_WARN_ENUM_CONVERSION = YES;
				CLANG_WARN_INFINITE_RECURSION = YES;
				CLANG_WARN_INT_CONVERSION = YES;
				CLANG_WARN_NON_LITERAL_NULL_CONVERSION = YES;
				CLANG_WARN_OBJC_IMPLICIT_RETAIN_SELF = YES;
				CLANG_WARN_OBJC_LITERAL_CONVERSION = YES;
				CLANG_WARN_OBJC_ROOT_CLASS = YES_ERROR;
				CLANG_WARN_QUOTED_INCLUDE_IN_FRAMEWORK_HEADER = YES;
				CLANG_WARN_RANGE_LOOP_ANALYSIS = YES;
				CLANG_WARN_STRICT_PROTOTYPES = YES;
				CLANG_WARN_SUSPICIOUS_MOVE = YES;
				CLANG_WARN_UNGUARDED_AVAILABILITY = YES_AGGRESSIVE;
				CLANG_WARN_UNREACHABLE_CODE = YES;
				CLANG_WARN__DUPLICATE_METHOD_MATCH = YES;
				COPY_PHASE_STRIP = NO;
				DEBUG_INFORMATION_FORMAT = "dwarf-with-dsym";
				ENABLE_NS_ASSERTIONS = NO;
				ENABLE_STRICT_OBJC_MSGSEND = YES;
				ENABLE_USER_SCRIPT_SANDBOXING = YES;
				GCC_C_LANGUAGE_STANDARD = gnu17;
				GCC_NO_COMMON_BLOCKS = YES;
				GCC_WARN_64_TO_32_BIT_CONVERSION = YES;
				GCC_WARN_ABOUT_RETURN_TYPE = YES_ERROR;
				GCC_WARN_UNDECLARED_SELECTOR = YES;
				GCC_WARN_UNINITIALIZED_AUTOS = YES_AGGRESSIVE;
				GCC_WARN_UNUSED_FUNCTION = YES;
				GCC_WARN_UNUSED_VARIABLE = YES;
				IPHONEOS_DEPLOYMENT_TARGET = 17.5;
				LOCALIZATION_PREFERS_STRING_CATALOGS = YES;
				MTL_ENABLE_DEBUG_INFO = NO;
				MTL_FAST_MATH = YES;
				SDKROOT = iphoneos;
				SWIFT_COMPILATION_MODE = wholemodule;
				VALIDATE_PRODUCT = YES;
			};
			name = Release;
		};
		7CB288D92C278DEC003E0BAD /* Debug */ = {
			isa = XCBuildConfiguration;
			buildSettings = {
				ASSETCATALOG_COMPILER_APPICON_NAME = AppIcon;
				ASSETCATALOG_COMPILER_GLOBAL_ACCENT_COLOR_NAME = AccentColor;
				CODE_SIGN_STYLE = Automatic;
				CURRENT_PROJECT_VERSION = 1;
				DEVELOPMENT_TEAM = UEU554Y4FN;
				GENERATE_INFOPLIST_FILE = YES;
				INFOPLIST_FILE = CurrencyConverter/Info.plist;
				INFOPLIST_KEY_UIApplicationSupportsIndirectInputEvents = YES;
				INFOPLIST_KEY_UILaunchStoryboardName = LaunchScreen;
				INFOPLIST_KEY_UIMainStoryboardFile = Main;
				INFOPLIST_KEY_UISupportedInterfaceOrientations_iPad = "UIInterfaceOrientationPortrait UIInterfaceOrientationPortraitUpsideDown UIInterfaceOrientationLandscapeLeft UIInterfaceOrientationLandscapeRight";
				INFOPLIST_KEY_UISupportedInterfaceOrientations_iPhone = "UIInterfaceOrientationPortrait UIInterfaceOrientationLandscapeLeft UIInterfaceOrientationLandscapeRight";
				LD_RUNPATH_SEARCH_PATHS = (
					"$(inherited)",
					"@executable_path/Frameworks",
				);
				MARKETING_VERSION = 1.0;
				PRODUCT_BUNDLE_IDENTIFIER = joseph.CurrencyConverter;
				PRODUCT_NAME = "$(TARGET_NAME)";
				SWIFT_EMIT_LOC_STRINGS = YES;
				SWIFT_VERSION = 5.0;
				TARGETED_DEVICE_FAMILY = "1,2";
			};
			name = Debug;
		};
		7CB288DA2C278DEC003E0BAD /* Release */ = {
			isa = XCBuildConfiguration;
			buildSettings = {
				ASSETCATALOG_COMPILER_APPICON_NAME = AppIcon;
				ASSETCATALOG_COMPILER_GLOBAL_ACCENT_COLOR_NAME = AccentColor;
				CODE_SIGN_STYLE = Automatic;
				CURRENT_PROJECT_VERSION = 1;
				DEVELOPMENT_TEAM = UEU554Y4FN;
				GENERATE_INFOPLIST_FILE = YES;
				INFOPLIST_FILE = CurrencyConverter/Info.plist;
				INFOPLIST_KEY_UIApplicationSupportsIndirectInputEvents = YES;
				INFOPLIST_KEY_UILaunchStoryboardName = LaunchScreen;
				INFOPLIST_KEY_UIMainStoryboardFile = Main;
				INFOPLIST_KEY_UISupportedInterfaceOrientations_iPad = "UIInterfaceOrientationPortrait UIInterfaceOrientationPortraitUpsideDown UIInterfaceOrientationLandscapeLeft UIInterfaceOrientationLandscapeRight";
				INFOPLIST_KEY_UISupportedInterfaceOrientations_iPhone = "UIInterfaceOrientationPortrait UIInterfaceOrientationLandscapeLeft UIInterfaceOrientationLandscapeRight";
				LD_RUNPATH_SEARCH_PATHS = (
					"$(inherited)",
					"@executable_path/Frameworks",
				);
				MARKETING_VERSION = 1.0;
				PRODUCT_BUNDLE_IDENTIFIER = joseph.CurrencyConverter;
				PRODUCT_NAME = "$(TARGET_NAME)";
				SWIFT_EMIT_LOC_STRINGS = YES;
				SWIFT_VERSION = 5.0;
				TARGETED_DEVICE_FAMILY = "1,2";
			};
			name = Release;
		};
		7CB288DC2C278DEC003E0BAD /* Debug */ = {
			isa = XCBuildConfiguration;
			buildSettings = {
				ALWAYS_EMBED_SWIFT_STANDARD_LIBRARIES = YES;
				BUNDLE_LOADER = "$(TEST_HOST)";
				CODE_SIGN_STYLE = Automatic;
				CURRENT_PROJECT_VERSION = 1;
				DEVELOPMENT_TEAM = UEU554Y4FN;
				GENERATE_INFOPLIST_FILE = YES;
				IPHONEOS_DEPLOYMENT_TARGET = 17.5;
				MARKETING_VERSION = 1.0;
				PRODUCT_BUNDLE_IDENTIFIER = joseph.CurrencyConverterTests;
				PRODUCT_NAME = "$(TARGET_NAME)";
				SWIFT_EMIT_LOC_STRINGS = NO;
				SWIFT_VERSION = 5.0;
				TARGETED_DEVICE_FAMILY = "1,2";
				TEST_HOST = "$(BUILT_PRODUCTS_DIR)/CurrencyConverter.app/$(BUNDLE_EXECUTABLE_FOLDER_PATH)/CurrencyConverter";
			};
			name = Debug;
		};
		7CB288DD2C278DEC003E0BAD /* Release */ = {
			isa = XCBuildConfiguration;
			buildSettings = {
				ALWAYS_EMBED_SWIFT_STANDARD_LIBRARIES = YES;
				BUNDLE_LOADER = "$(TEST_HOST)";
				CODE_SIGN_STYLE = Automatic;
				CURRENT_PROJECT_VERSION = 1;
				DEVELOPMENT_TEAM = UEU554Y4FN;
				GENERATE_INFOPLIST_FILE = YES;
				IPHONEOS_DEPLOYMENT_TARGET = 17.5;
				MARKETING_VERSION = 1.0;
				PRODUCT_BUNDLE_IDENTIFIER = joseph.CurrencyConverterTests;
				PRODUCT_NAME = "$(TARGET_NAME)";
				SWIFT_EMIT_LOC_STRINGS = NO;
				SWIFT_VERSION = 5.0;
				TARGETED_DEVICE_FAMILY = "1,2";
				TEST_HOST = "$(BUILT_PRODUCTS_DIR)/CurrencyConverter.app/$(BUNDLE_EXECUTABLE_FOLDER_PATH)/CurrencyConverter";
			};
			name = Release;
		};
		7CB288DF2C278DEC003E0BAD /* Debug */ = {
			isa = XCBuildConfiguration;
			buildSettings = {
				ALWAYS_EMBED_SWIFT_STANDARD_LIBRARIES = YES;
				CODE_SIGN_STYLE = Automatic;
				CURRENT_PROJECT_VERSION = 1;
				DEVELOPMENT_TEAM = UEU554Y4FN;
				GENERATE_INFOPLIST_FILE = YES;
				MARKETING_VERSION = 1.0;
				PRODUCT_BUNDLE_IDENTIFIER = joseph.CurrencyConverterUITests;
				PRODUCT_NAME = "$(TARGET_NAME)";
				SWIFT_EMIT_LOC_STRINGS = NO;
				SWIFT_VERSION = 5.0;
				TARGETED_DEVICE_FAMILY = "1,2";
				TEST_TARGET_NAME = CurrencyConverter;
			};
			name = Debug;
		};
		7CB288E02C278DEC003E0BAD /* Release */ = {
			isa = XCBuildConfiguration;
			buildSettings = {
				ALWAYS_EMBED_SWIFT_STANDARD_LIBRARIES = YES;
				CODE_SIGN_STYLE = Automatic;
				CURRENT_PROJECT_VERSION = 1;
				DEVELOPMENT_TEAM = UEU554Y4FN;
				GENERATE_INFOPLIST_FILE = YES;
				MARKETING_VERSION = 1.0;
				PRODUCT_BUNDLE_IDENTIFIER = joseph.CurrencyConverterUITests;
				PRODUCT_NAME = "$(TARGET_NAME)";
				SWIFT_EMIT_LOC_STRINGS = NO;
				SWIFT_VERSION = 5.0;
				TARGETED_DEVICE_FAMILY = "1,2";
				TEST_TARGET_NAME = CurrencyConverter;
			};
			name = Release;
		};
/* End XCBuildConfiguration section */

/* Begin XCConfigurationList section */
		7CB288A92C278DEB003E0BAD /* Build configuration list for PBXProject "CurrencyConverter" */ = {
			isa = XCConfigurationList;
			buildConfigurations = (
				7CB288D62C278DEC003E0BAD /* Debug */,
				7CB288D72C278DEC003E0BAD /* Release */,
			);
			defaultConfigurationIsVisible = 0;
			defaultConfigurationName = Release;
		};
		7CB288D82C278DEC003E0BAD /* Build configuration list for PBXNativeTarget "CurrencyConverter" */ = {
			isa = XCConfigurationList;
			buildConfigurations = (
				7CB288D92C278DEC003E0BAD /* Debug */,
				7CB288DA2C278DEC003E0BAD /* Release */,
			);
			defaultConfigurationIsVisible = 0;
			defaultConfigurationName = Release;
		};
		7CB288DB2C278DEC003E0BAD /* Build configuration list for PBXNativeTarget "CurrencyConverterTests" */ = {
			isa = XCConfigurationList;
			buildConfigurations = (
				7CB288DC2C278DEC003E0BAD /* Debug */,
				7CB288DD2C278DEC003E0BAD /* Release */,
			);
			defaultConfigurationIsVisible = 0;
			defaultConfigurationName = Release;
		};
		7CB288DE2C278DEC003E0BAD /* Build configuration list for PBXNativeTarget "CurrencyConverterUITests" */ = {
			isa = XCConfigurationList;
			buildConfigurations = (
				7CB288DF2C278DEC003E0BAD /* Debug */,
				7CB288E02C278DEC003E0BAD /* Release */,
			);
			defaultConfigurationIsVisible = 0;
			defaultConfigurationName = Release;
		};
/* End XCConfigurationList section */
	};
	rootObject = 7CB288A62C278DEB003E0BAD /* Project object */;
}
